
Microsoft Visual Studio Solution File, Format Version 12.00
# Visual Studio Version 16
VisualStudioVersion = 16.0.29102.190
MinimumVisualStudioVersion = 10.0.40219.1
Project("{FAE04EC0-301F-11D3-BF4B-00C04F79EFBC}") = "EventsAndDelegates", "EventsAndDelegates.csproj", "{FB9DD5F6-F79B-497C-BFC1-6F778A1FF608}"
EndProject
Global
	GlobalSection(SolutionConfigurationPlatforms) = preSolution
		Debug|Any CPU = Debug|Any CPU
		Release|Any CPU = Release|Any CPU
	EndGlobalSection
	GlobalSection(ProjectConfigurationPlatforms) = postSolution
		{FB9DD5F6-F79B-497C-BFC1-6F778A1FF608}.Debug|Any CPU.ActiveCfg = Debug|Any CPU
		{FB9DD5F6-F79B-497C-BFC1-6F778A1FF608}.Debug|Any CPU.Build.0 = Debug|Any CPU
		{FB9DD5F6-F79B-497C-BFC1-6F778A1FF608}.Release|Any CPU.ActiveCfg = Release|Any CPU
		{FB9DD5F6-F79B-497C-BFC1-6F778A1FF608}.Release|Any CPU.Build.0 = Release|Any CPU
	EndGlobalSection
	GlobalSection(SolutionProperties) = preSolution
		HideSolutionNode = FALSE
	EndGlobalSection
	GlobalSection(ExtensibilityGlobals) = postSolution
		SolutionGuid = {D053F1EB-1ECA-4334-84F0-4482A86FD464}
	EndGlobalSection
EndGlobal
