
Microsoft Visual Studio Solution File, Format Version 12.00
# Visual Studio Version 16
VisualStudioVersion = 16.0.29102.190
MinimumVisualStudioVersion = 10.0.40219.1
Project("{FAE04EC0-301F-11D3-BF4B-00C04F79EFBC}") = "InventorySystem", "InventorySystem.csproj", "{F343BE15-6BB2-423B-BFFA-F1CCDA5C322C}"
EndProject
Global
	GlobalSection(SolutionConfigurationPlatforms) = preSolution
		Debug|Any CPU = Debug|Any CPU
		Release|Any CPU = Release|Any CPU
	EndGlobalSection
	GlobalSection(ProjectConfigurationPlatforms) = postSolution
		{F343BE15-6BB2-423B-BFFA-F1CCDA5C322C}.Debug|Any CPU.ActiveCfg = Debug|Any CPU
		{F343BE15-6BB2-423B-BFFA-F1CCDA5C322C}.Debug|Any CPU.Build.0 = Debug|Any CPU
		{F343BE15-6BB2-423B-BFFA-F1CCDA5C322C}.Release|Any CPU.ActiveCfg = Release|Any CPU
		{F343BE15-6BB2-423B-BFFA-F1CCDA5C322C}.Release|Any CPU.Build.0 = Release|Any CPU
	EndGlobalSection
	GlobalSection(SolutionProperties) = preSolution
		HideSolutionNode = FALSE
	EndGlobalSection
	GlobalSection(ExtensibilityGlobals) = postSolution
		SolutionGuid = {2DAD61FA-D3E2-4E61-A192-618C89A3FEFB}
	EndGlobalSection
EndGlobal
